
Microsoft Visual Studio Solution File, Format Version 12.00
# Visual Studio Version 17
VisualStudioVersion = 17.8.34525.116
MinimumVisualStudioVersion = 10.0.40219.1
Project("{9A19103F-16F7-4668-BE54-9A1E7A4F7556}") = "BlazingQuiz.Web", "BlazingQuiz.Web\BlazingQuiz.Web.csproj", "{94058FD8-D259-47DD-AA1B-218D1B89B4F5}"
EndProject
Project("{9A19103F-16F7-4668-BE54-9A1E7A4F7556}") = "BlazingQuiz.Api", "BlazingQuiz.Api\BlazingQuiz.Api.csproj", "{1B1A22DA-6FAB-4E9C-BC63-192E610CBAE4}"
EndProject
Project("{9A19103F-16F7-4668-BE54-9A1E7A4F7556}") = "BlazingQuiz.Mobile", "BlazingQuiz.Mobile\BlazingQuiz.Mobile.csproj", "{826F492B-8F89-4478-8CE1-F7D811ED3BDF}"
EndProject
Project("{9A19103F-16F7-4668-BE54-9A1E7A4F7556}") = "BlazingQuiz.Shared.Components", "BlazingQuiz.Shared.Components\BlazingQuiz.Shared.Components.csproj", "{97878EDC-453F-4931-8964-ECAAB84ECA43}"
EndProject
Project("{9A19103F-16F7-4668-BE54-9A1E7A4F7556}") = "BlazingQuiz.Shared", "BlazingQuiz.Shared\BlazingQuiz.Shared.csproj", "{49890E21-D0A1-4B79-96AA-D2C4533E0199}"
EndProject
Global
	GlobalSection(SolutionConfigurationPlatforms) = preSolution
		Debug|Any CPU = Debug|Any CPU
		Release|Any CPU = Release|Any CPU
	EndGlobalSection
	GlobalSection(ProjectConfigurationPlatforms) = postSolution
		{94058FD8-D259-47DD-AA1B-218D1B89B4F5}.Debug|Any CPU.ActiveCfg = Debug|Any CPU
		{94058FD8-D259-47DD-AA1B-218D1B89B4F5}.Debug|Any CPU.Build.0 = Debug|Any CPU
		{94058FD8-D259-47DD-AA1B-218D1B89B4F5}.Release|Any CPU.ActiveCfg = Release|Any CPU
		{94058FD8-D259-47DD-AA1B-218D1B89B4F5}.Release|Any CPU.Build.0 = Release|Any CPU
		{1B1A22DA-6FAB-4E9C-BC63-192E610CBAE4}.Debug|Any CPU.ActiveCfg = Debug|Any CPU
		{1B1A22DA-6FAB-4E9C-BC63-192E610CBAE4}.Debug|Any CPU.Build.0 = Debug|Any CPU
		{1B1A22DA-6FAB-4E9C-BC63-192E610CBAE4}.Release|Any CPU.ActiveCfg = Release|Any CPU
		{1B1A22DA-6FAB-4E9C-BC63-192E610CBAE4}.Release|Any CPU.Build.0 = Release|Any CPU
		{826F492B-8F89-4478-8CE1-F7D811ED3BDF}.Debug|Any CPU.ActiveCfg = Debug|Any CPU
		{826F492B-8F89-4478-8CE1-F7D811ED3BDF}.Debug|Any CPU.Build.0 = Debug|Any CPU
		{826F492B-8F89-4478-8CE1-F7D811ED3BDF}.Debug|Any CPU.Deploy.0 = Debug|Any CPU
		{826F492B-8F89-4478-8CE1-F7D811ED3BDF}.Release|Any CPU.ActiveCfg = Release|Any CPU
		{826F492B-8F89-4478-8CE1-F7D811ED3BDF}.Release|Any CPU.Build.0 = Release|Any CPU
		{826F492B-8F89-4478-8CE1-F7D811ED3BDF}.Release|Any CPU.Deploy.0 = Release|Any CPU
		{97878EDC-453F-4931-8964-ECAAB84ECA43}.Debug|Any CPU.ActiveCfg = Debug|Any CPU
		{97878EDC-453F-4931-8964-ECAAB84ECA43}.Debug|Any CPU.Build.0 = Debug|Any CPU
		{97878EDC-453F-4931-8964-ECAAB84ECA43}.Release|Any CPU.ActiveCfg = Release|Any CPU
		{97878EDC-453F-4931-8964-ECAAB84ECA43}.Release|Any CPU.Build.0 = Release|Any CPU
		{49890E21-D0A1-4B79-96AA-D2C4533E0199}.Debug|Any CPU.ActiveCfg = Debug|Any CPU
		{49890E21-D0A1-4B79-96AA-D2C4533E0199}.Debug|Any CPU.Build.0 = Debug|Any CPU
		{49890E21-D0A1-4B79-96AA-D2C4533E0199}.Release|Any CPU.ActiveCfg = Release|Any CPU
		{49890E21-D0A1-4B79-96AA-D2C4533E0199}.Release|Any CPU.Build.0 = Release|Any CPU
	EndGlobalSection
	GlobalSection(SolutionProperties) = preSolution
		HideSolutionNode = FALSE
	EndGlobalSection
	GlobalSection(ExtensibilityGlobals) = postSolution
		SolutionGuid = {995A8B27-5405-419E-BE76-49275DCA8909}
	EndGlobalSection
EndGlobal
